
Microsoft Visual Studio Solution File, Format Version 12.00
# Visual Studio 15
VisualStudioVersion = 15.0.27703.2042
MinimumVisualStudioVersion = 10.0.40219.1
Project("{FAE04EC0-301F-11D3-BF4B-00C04F79EFBC}") = "NetCoreSimpleChat", "NetCoreSimpleChat\NetCoreSimpleChat.csproj", "{7F5F7F94-5E98-4246-8D5A-F55ACF9A1893}"
EndProject
Global
	GlobalSection(SolutionConfigurationPlatforms) = preSolution
		Debug|Any CPU = Debug|Any CPU
		Release|Any CPU = Release|Any CPU
	EndGlobalSection
	GlobalSection(ProjectConfigurationPlatforms) = postSolution
		{7F5F7F94-5E98-4246-8D5A-F55ACF9A1893}.Debug|Any CPU.ActiveCfg = Debug|Any CPU
		{7F5F7F94-5E98-4246-8D5A-F55ACF9A1893}.Debug|Any CPU.Build.0 = Debug|Any CPU
		{7F5F7F94-5E98-4246-8D5A-F55ACF9A1893}.Release|Any CPU.ActiveCfg = Release|Any CPU
		{7F5F7F94-5E98-4246-8D5A-F55ACF9A1893}.Release|Any CPU.Build.0 = Release|Any CPU
	EndGlobalSection
	GlobalSection(SolutionProperties) = preSolution
		HideSolutionNode = FALSE
	EndGlobalSection
	GlobalSection(ExtensibilityGlobals) = postSolution
		SolutionGuid = {618138C3-A5B0-4AA7-990E-190EF03F2B66}
	EndGlobalSection
EndGlobal
